
Microsoft Visual Studio Solution File, Format Version 12.00
# Visual Studio Version 17
VisualStudioVersion = 17.5.002.0
MinimumVisualStudioVersion = 10.0.40219.1
Project("{9A19103F-16F7-4668-BE54-9A1E7A4F7556}") = "Supermarket", "Supermarket.csproj", "{21F7CA6F-219C-4135-A9ED-D31C14B9819E}"
EndProject
Project("{FAE04EC0-301F-11D3-BF4B-00C04F79EFBC}") = "eTicket", "..\..\eTicket\eTicket.csproj", "{D0A20C5A-9731-4D58-9F90-87BBB79D8CA5}"
EndProject
Global
	GlobalSection(SolutionConfigurationPlatforms) = preSolution
		Debug|Any CPU = Debug|Any CPU
		Release|Any CPU = Release|Any CPU
	EndGlobalSection
	GlobalSection(ProjectConfigurationPlatforms) = postSolution
		{21F7CA6F-219C-4135-A9ED-D31C14B9819E}.Debug|Any CPU.ActiveCfg = Debug|Any CPU
		{21F7CA6F-219C-4135-A9ED-D31C14B9819E}.Debug|Any CPU.Build.0 = Debug|Any CPU
		{21F7CA6F-219C-4135-A9ED-D31C14B9819E}.Release|Any CPU.ActiveCfg = Release|Any CPU
		{21F7CA6F-219C-4135-A9ED-D31C14B9819E}.Release|Any CPU.Build.0 = Release|Any CPU
		{D0A20C5A-9731-4D58-9F90-87BBB79D8CA5}.Debug|Any CPU.ActiveCfg = Debug|Any CPU
		{D0A20C5A-9731-4D58-9F90-87BBB79D8CA5}.Debug|Any CPU.Build.0 = Debug|Any CPU
		{D0A20C5A-9731-4D58-9F90-87BBB79D8CA5}.Release|Any CPU.ActiveCfg = Release|Any CPU
		{D0A20C5A-9731-4D58-9F90-87BBB79D8CA5}.Release|Any CPU.Build.0 = Release|Any CPU
	EndGlobalSection
	GlobalSection(SolutionProperties) = preSolution
		HideSolutionNode = FALSE
	EndGlobalSection
	GlobalSection(ExtensibilityGlobals) = postSolution
		SolutionGuid = {B861BA1A-9479-403B-BA3A-FE754DF5B30D}
	EndGlobalSection
EndGlobal
